
Microsoft Visual Studio Solution File, Format Version 12.00
# Visual Studio 14
VisualStudioVersion = 14.0.25420.1
MinimumVisualStudioVersion = 10.0.40219.1
Project("{FAE04EC0-301F-11D3-BF4B-00C04F79EFBC}") = "LinkManager.Domain", "LinkManager.Domain\LinkManager.Domain.csproj", "{AF06CE41-0FE3-4CB5-8F61-560EFE2E70BB}"
EndProject
Project("{FAE04EC0-301F-11D3-BF4B-00C04F79EFBC}") = "LinkManager.WebUI", "LinkManager.WebUI\LinkManager.WebUI.csproj", "{789CFE7F-E802-43E9-93AD-D99575CD6559}"
EndProject
Global
	GlobalSection(SolutionConfigurationPlatforms) = preSolution
		Debug|Any CPU = Debug|Any CPU
		Release|Any CPU = Release|Any CPU
	EndGlobalSection
	GlobalSection(ProjectConfigurationPlatforms) = postSolution
		{AF06CE41-0FE3-4CB5-8F61-560EFE2E70BB}.Debug|Any CPU.ActiveCfg = Debug|Any CPU
		{AF06CE41-0FE3-4CB5-8F61-560EFE2E70BB}.Debug|Any CPU.Build.0 = Debug|Any CPU
		{AF06CE41-0FE3-4CB5-8F61-560EFE2E70BB}.Release|Any CPU.ActiveCfg = Release|Any CPU
		{AF06CE41-0FE3-4CB5-8F61-560EFE2E70BB}.Release|Any CPU.Build.0 = Release|Any CPU
		{789CFE7F-E802-43E9-93AD-D99575CD6559}.Debug|Any CPU.ActiveCfg = Debug|Any CPU
		{789CFE7F-E802-43E9-93AD-D99575CD6559}.Debug|Any CPU.Build.0 = Debug|Any CPU
		{789CFE7F-E802-43E9-93AD-D99575CD6559}.Release|Any CPU.ActiveCfg = Release|Any CPU
		{789CFE7F-E802-43E9-93AD-D99575CD6559}.Release|Any CPU.Build.0 = Release|Any CPU
	EndGlobalSection
	GlobalSection(SolutionProperties) = preSolution
		HideSolutionNode = FALSE
	EndGlobalSection
EndGlobal
